{
  "name": "acme-generator",
  "version": "1.0.0",
  "lockfileVersion": 2,
  "requires": true,
  "packages": {
    "": {
      "version": "1.0.0",
      "license": "ISC",
      "dependencies": {
        "@root/acme": "^3.1.0",
        "@root/csr": "^0.8.1",
        "@root/keypairs": "^0.10.1",
        "@root/pem": "^1.0.4",
        "acme-dns-01-digitalocean": "^3.0.1",
        "mem": "^9.0.1",
        "node-scp": "^0.0.15"
      }
    },
    "node_modules/@root/acme": {
      "version": "3.1.0",
      "resolved": "https://registry.npmjs.org/@root/acme/-/acme-3.1.0.tgz",
      "integrity": "sha512-GAyaW63cpSYd2KvVp5lHLbCWeEhJPKZK9nsJvZJOKsD9Uv88KEttn4FpDZEJ+2q3Jsey0DWpuQ2I4ft0JV9p2w==",
      "hasInstallScript": true,
      "dependencies": {
        "@root/csr": "^0.8.1",
        "@root/encoding": "^1.0.1",
        "@root/keypairs": "^0.10.0",
        "@root/pem": "^1.0.4",
        "@root/request": "^1.6.1",
        "@root/x509": "^0.7.2"
      }
    },
    "node_modules/@root/asn1": {
      "version": "1.0.0",
      "resolved": "https://registry.npmjs.org/@root/asn1/-/asn1-1.0.0.tgz",
      "integrity": "sha512-0lfZNuOULKJDJmdIkP8V9RnbV3XaK6PAHD3swnFy4tZwtlMDzLKoM/dfNad7ut8Hu3r91wy9uK0WA/9zym5mig==",
      "dependencies": {
        "@root/encoding": "^1.0.1"
      }
    },
    "node_modules/@root/csr": {
      "version": "0.8.1",
      "resolved": "https://registry.npmjs.org/@root/csr/-/csr-0.8.1.tgz",
      "integrity": "sha512-hKl0VuE549TK6SnS2Yn9nRvKbFZXn/oAg+dZJU/tlKl/f/0yRXeuUzf8akg3JjtJq+9E592zDqeXZ7yyrg8fSQ==",
      "dependencies": {
        "@root/asn1": "^1.0.0",
        "@root/pem": "^1.0.4",
        "@root/x509": "^0.7.2"
      }
    },
    "node_modules/@root/encoding": {
      "version": "1.0.1",
      "resolved": "https://registry.npmjs.org/@root/encoding/-/encoding-1.0.1.tgz",
      "integrity": "sha512-OaEub02ufoU038gy6bsNHQOjIn8nUjGiLcaRmJ40IUykneJkIW5fxDqKxQx48cszuNflYldsJLPPXCrGfHs8yQ=="
    },
    "node_modules/@root/keypairs": {
      "version": "0.10.1",
      "resolved": "https://registry.npmjs.org/@root/keypairs/-/keypairs-0.10.1.tgz",
      "integrity": "sha512-LuBheiQwMLCN5iWmhjyW9Mgc7uX16+gABSDfFafaBQnSPVylnOksHa22bqZmDkMCsinOOjUecgy2UgREOT3cOg==",
      "dependencies": {
        "@root/encoding": "^1.0.1",
        "@root/pem": "^1.0.4",
        "@root/x509": "^0.7.2"
      }
    },
    "node_modules/@root/pem": {
      "version": "1.0.4",
      "resolved": "https://registry.npmjs.org/@root/pem/-/pem-1.0.4.tgz",
      "integrity": "sha512-rEUDiUsHtild8GfIjFE9wXtcVxeS+ehCJQBwbQQ3IVfORKHK93CFnRtkr69R75lZFjcmKYVc+AXDB+AeRFOULA=="
    },
    "node_modules/@root/request": {
      "version": "1.7.0",
      "resolved": "https://registry.npmjs.org/@root/request/-/request-1.7.0.tgz",
      "integrity": "sha512-lre7XVeEwszgyrayWWb/kRn5fuJfa+n0Nh+rflM9E+EpC28yIYA+FPm/OL1uhzp3TxhQM0HFN4FE2RDIPGlnmg=="
    },
    "node_modules/@root/x509": {
      "version": "0.7.2",
      "resolved": "https://registry.npmjs.org/@root/x509/-/x509-0.7.2.tgz",
      "integrity": "sha512-ENq3LGYORK5NiMFHEVeNMt+fTXaC7DTS6sQXoqV+dFdfT0vmiL5cDLjaXQhaklJQq0NiwicZegzJRl1ZOTp3WQ==",
      "dependencies": {
        "@root/asn1": "^1.0.0",
        "@root/encoding": "^1.0.1"
      }
    },
    "node_modules/acme-dns-01-digitalocean": {
      "version": "3.0.1",
      "resolved": "https://registry.npmjs.org/acme-dns-01-digitalocean/-/acme-dns-01-digitalocean-3.0.1.tgz",
      "integrity": "sha512-LUdOGluDERQWJG4CwlC9HbzUai4mtKzCz8nzpVTirXup2WwH60iRFAcd81hRGaoWbd0Bc0m6RVjN9YFkXB84yA=="
    },
    "node_modules/asn1": {
      "version": "0.2.4",
      "resolved": "https://registry.npmjs.org/asn1/-/asn1-0.2.4.tgz",
      "integrity": "sha512-jxwzQpLQjSmWXgwaCZE9Nz+glAG01yF1QnWgbhGwHI5A6FRIEY6IVqtHhIepHqI7/kyEyQEagBC5mBEFlIYvdg==",
      "dependencies": {
        "safer-buffer": "~2.1.0"
      }
    },
    "node_modules/bcrypt-pbkdf": {
      "version": "1.0.2",
      "resolved": "https://registry.npmjs.org/bcrypt-pbkdf/-/bcrypt-pbkdf-1.0.2.tgz",
      "integrity": "sha1-pDAdOJtqQ/m2f/PKEaP2Y342Dp4=",
      "dependencies": {
        "tweetnacl": "^0.14.3"
      }
    },
    "node_modules/cpu-features": {
      "version": "0.0.2",
      "resolved": "https://registry.npmjs.org/cpu-features/-/cpu-features-0.0.2.tgz",
      "integrity": "sha512-/2yieBqvMcRj8McNzkycjW2v3OIUOibBfd2dLEJ0nWts8NobAxwiyw9phVNS6oDL8x8tz9F7uNVFEVpJncQpeA==",
      "hasInstallScript": true,
      "optional": true,
      "dependencies": {
        "nan": "^2.14.1"
      },
      "engines": {
        "node": ">=8.0.0"
      }
    },
    "node_modules/map-age-cleaner": {
      "version": "0.1.3",
      "resolved": "https://registry.npmjs.org/map-age-cleaner/-/map-age-cleaner-0.1.3.tgz",
      "integrity": "sha512-bJzx6nMoP6PDLPBFmg7+xRKeFZvFboMrGlxmNj9ClvX53KrmvM5bXFXEWjbz4cz1AFn+jWJ9z/DJSz7hrs0w3w==",
      "dependencies": {
        "p-defer": "^1.0.0"
      },
      "engines": {
        "node": ">=6"
      }
    },
    "node_modules/mem": {
      "version": "9.0.1",
      "resolved": "https://registry.npmjs.org/mem/-/mem-9.0.1.tgz",
      "integrity": "sha512-f4uEX3Ley9FZqcFIRSBr2q43x1bJQeDvsxgkSN/BPnA7jY9Aue4sBU2dsjmpDwiaY/QY1maNCeosbUHQWzzdQw==",
      "dependencies": {
        "map-age-cleaner": "^0.1.3",
        "mimic-fn": "^4.0.0"
      },
      "engines": {
        "node": ">=12.20"
      },
      "funding": {
        "url": "https://github.com/sindresorhus/mem?sponsor=1"
      }
    },
    "node_modules/mimic-fn": {
      "version": "4.0.0",
      "resolved": "https://registry.npmjs.org/mimic-fn/-/mimic-fn-4.0.0.tgz",
      "integrity": "sha512-vqiC06CuhBTUdZH+RYl8sFrL096vA45Ok5ISO6sE/Mr1jRbGH4Csnhi8f3wKVl7x8mO4Au7Ir9D3Oyv1VYMFJw==",
      "engines": {
        "node": ">=12"
      },
      "funding": {
        "url": "https://github.com/sponsors/sindresorhus"
      }
    },
    "node_modules/nan": {
      "version": "2.15.0",
      "resolved": "https://registry.npmjs.org/nan/-/nan-2.15.0.tgz",
      "integrity": "sha512-8ZtvEnA2c5aYCZYd1cvgdnU6cqwixRoYg70xPLWUws5ORTa/lnw+u4amixRS/Ac5U5mQVgp9pnlSUnbNWFaWZQ==",
      "optional": true
    },
    "node_modules/node-scp": {
      "version": "0.0.15",
      "resolved": "https://registry.npmjs.org/node-scp/-/node-scp-0.0.15.tgz",
      "integrity": "sha512-iQQpzVqsczdM35tI5JzFkM3DFMJb2VIeHGBVXU9d5EIgSrP4HGE44SScGv83D5aEtYCaY2r5uR1bPhUQwp6hRg==",
      "dependencies": {
        "ssh2": "^1.1.0"
      }
    },
    "node_modules/p-defer": {
      "version": "1.0.0",
      "resolved": "https://registry.npmjs.org/p-defer/-/p-defer-1.0.0.tgz",
      "integrity": "sha1-n26xgvbJqozXQwBKfU+WsZaw+ww=",
      "engines": {
        "node": ">=4"
      }
    },
    "node_modules/safer-buffer": {
      "version": "2.1.2",
      "resolved": "https://registry.npmjs.org/safer-buffer/-/safer-buffer-2.1.2.tgz",
      "integrity": "sha512-YZo3K82SD7Riyi0E1EQPojLz7kpepnSQI9IyPbHHg1XXXevb5dJI7tpyN2ADxGcQbHG7vcyRHk0cbwqcQriUtg=="
    },
    "node_modules/ssh2": {
      "version": "1.2.0",
      "resolved": "https://registry.npmjs.org/ssh2/-/ssh2-1.2.0.tgz",
      "integrity": "sha512-vklfVRyylayGV/zMwVEkTC9kBhA3t264hoUHV/yGuunBJh6uBGP1VlzhOp8EsqxpKnG0xkLE1qHZlU0+t8Vh6Q==",
      "hasInstallScript": true,
      "dependencies": {
        "asn1": "^0.2.4",
        "bcrypt-pbkdf": "^1.0.2"
      },
      "engines": {
        "node": ">=10.16.0"
      },
      "optionalDependencies": {
        "cpu-features": "0.0.2",
        "nan": "^2.14.2"
      }
    },
    "node_modules/tweetnacl": {
      "version": "0.14.5",
      "resolved": "https://registry.npmjs.org/tweetnacl/-/tweetnacl-0.14.5.tgz",
      "integrity": "sha1-WuaBd/GS1EViadEIr6k/+HQ/T2Q="
    }
  },
  "dependencies": {
    "@root/acme": {
      "version": "3.1.0",
      "resolved": "https://registry.npmjs.org/@root/acme/-/acme-3.1.0.tgz",
      "integrity": "sha512-GAyaW63cpSYd2KvVp5lHLbCWeEhJPKZK9nsJvZJOKsD9Uv88KEttn4FpDZEJ+2q3Jsey0DWpuQ2I4ft0JV9p2w==",
      "requires": {
        "@root/csr": "^0.8.1",
        "@root/encoding": "^1.0.1",
        "@root/keypairs": "^0.10.0",
        "@root/pem": "^1.0.4",
        "@root/request": "^1.6.1",
        "@root/x509": "^0.7.2"
      }
    },
    "@root/asn1": {
      "version": "1.0.0",
      "resolved": "https://registry.npmjs.org/@root/asn1/-/asn1-1.0.0.tgz",
      "integrity": "sha512-0lfZNuOULKJDJmdIkP8V9RnbV3XaK6PAHD3swnFy4tZwtlMDzLKoM/dfNad7ut8Hu3r91wy9uK0WA/9zym5mig==",
      "requires": {
        "@root/encoding": "^1.0.1"
      }
    },
    "@root/csr": {
      "version": "0.8.1",
      "resolved": "https://registry.npmjs.org/@root/csr/-/csr-0.8.1.tgz",
      "integrity": "sha512-hKl0VuE549TK6SnS2Yn9nRvKbFZXn/oAg+dZJU/tlKl/f/0yRXeuUzf8akg3JjtJq+9E592zDqeXZ7yyrg8fSQ==",
      "requires": {
        "@root/asn1": "^1.0.0",
        "@root/pem": "^1.0.4",
        "@root/x509": "^0.7.2"
      }
    },
    "@root/encoding": {
      "version": "1.0.1",
      "resolved": "https://registry.npmjs.org/@root/encoding/-/encoding-1.0.1.tgz",
      "integrity": "sha512-OaEub02ufoU038gy6bsNHQOjIn8nUjGiLcaRmJ40IUykneJkIW5fxDqKxQx48cszuNflYldsJLPPXCrGfHs8yQ=="
    },
    "@root/keypairs": {
      "version": "0.10.1",
      "resolved": "https://registry.npmjs.org/@root/keypairs/-/keypairs-0.10.1.tgz",
      "integrity": "sha512-LuBheiQwMLCN5iWmhjyW9Mgc7uX16+gABSDfFafaBQnSPVylnOksHa22bqZmDkMCsinOOjUecgy2UgREOT3cOg==",
      "requires": {
        "@root/encoding": "^1.0.1",
        "@root/pem": "^1.0.4",
        "@root/x509": "^0.7.2"
      }
    },
    "@root/pem": {
      "version": "1.0.4",
      "resolved": "https://registry.npmjs.org/@root/pem/-/pem-1.0.4.tgz",
      "integrity": "sha512-rEUDiUsHtild8GfIjFE9wXtcVxeS+ehCJQBwbQQ3IVfORKHK93CFnRtkr69R75lZFjcmKYVc+AXDB+AeRFOULA=="
    },
    "@root/request": {
      "version": "1.7.0",
      "resolved": "https://registry.npmjs.org/@root/request/-/request-1.7.0.tgz",
      "integrity": "sha512-lre7XVeEwszgyrayWWb/kRn5fuJfa+n0Nh+rflM9E+EpC28yIYA+FPm/OL1uhzp3TxhQM0HFN4FE2RDIPGlnmg=="
    },
    "@root/x509": {
      "version": "0.7.2",
      "resolved": "https://registry.npmjs.org/@root/x509/-/x509-0.7.2.tgz",
      "integrity": "sha512-ENq3LGYORK5NiMFHEVeNMt+fTXaC7DTS6sQXoqV+dFdfT0vmiL5cDLjaXQhaklJQq0NiwicZegzJRl1ZOTp3WQ==",
      "requires": {
        "@root/asn1": "^1.0.0",
        "@root/encoding": "^1.0.1"
      }
    },
    "acme-dns-01-digitalocean": {
      "version": "3.0.1",
      "resolved": "https://registry.npmjs.org/acme-dns-01-digitalocean/-/acme-dns-01-digitalocean-3.0.1.tgz",
      "integrity": "sha512-LUdOGluDERQWJG4CwlC9HbzUai4mtKzCz8nzpVTirXup2WwH60iRFAcd81hRGaoWbd0Bc0m6RVjN9YFkXB84yA=="
    },
    "asn1": {
      "version": "0.2.4",
      "resolved": "https://registry.npmjs.org/asn1/-/asn1-0.2.4.tgz",
      "integrity": "sha512-jxwzQpLQjSmWXgwaCZE9Nz+glAG01yF1QnWgbhGwHI5A6FRIEY6IVqtHhIepHqI7/kyEyQEagBC5mBEFlIYvdg==",
      "requires": {
        "safer-buffer": "~2.1.0"
      }
    },
    "bcrypt-pbkdf": {
      "version": "1.0.2",
      "resolved": "https://registry.npmjs.org/bcrypt-pbkdf/-/bcrypt-pbkdf-1.0.2.tgz",
      "integrity": "sha1-pDAdOJtqQ/m2f/PKEaP2Y342Dp4=",
      "requires": {
        "tweetnacl": "^0.14.3"
      }
    },
    "cpu-features": {
      "version": "0.0.2",
      "resolved": "https://registry.npmjs.org/cpu-features/-/cpu-features-0.0.2.tgz",
      "integrity": "sha512-/2yieBqvMcRj8McNzkycjW2v3OIUOibBfd2dLEJ0nWts8NobAxwiyw9phVNS6oDL8x8tz9F7uNVFEVpJncQpeA==",
      "optional": true,
      "requires": {
        "nan": "^2.14.1"
      }
    },
    "map-age-cleaner": {
      "version": "0.1.3",
      "resolved": "https://registry.npmjs.org/map-age-cleaner/-/map-age-cleaner-0.1.3.tgz",
      "integrity": "sha512-bJzx6nMoP6PDLPBFmg7+xRKeFZvFboMrGlxmNj9ClvX53KrmvM5bXFXEWjbz4cz1AFn+jWJ9z/DJSz7hrs0w3w==",
      "requires": {
        "p-defer": "^1.0.0"
      }
    },
    "mem": {
      "version": "9.0.1",
      "resolved": "https://registry.npmjs.org/mem/-/mem-9.0.1.tgz",
      "integrity": "sha512-f4uEX3Ley9FZqcFIRSBr2q43x1bJQeDvsxgkSN/BPnA7jY9Aue4sBU2dsjmpDwiaY/QY1maNCeosbUHQWzzdQw==",
      "requires": {
        "map-age-cleaner": "^0.1.3",
        "mimic-fn": "^4.0.0"
      }
    },
    "mimic-fn": {
      "version": "4.0.0",
      "resolved": "https://registry.npmjs.org/mimic-fn/-/mimic-fn-4.0.0.tgz",
      "integrity": "sha512-vqiC06CuhBTUdZH+RYl8sFrL096vA45Ok5ISO6sE/Mr1jRbGH4Csnhi8f3wKVl7x8mO4Au7Ir9D3Oyv1VYMFJw=="
    },
    "nan": {
      "version": "2.15.0",
      "resolved": "https://registry.npmjs.org/nan/-/nan-2.15.0.tgz",
      "integrity": "sha512-8ZtvEnA2c5aYCZYd1cvgdnU6cqwixRoYg70xPLWUws5ORTa/lnw+u4amixRS/Ac5U5mQVgp9pnlSUnbNWFaWZQ==",
      "optional": true
    },
    "node-scp": {
      "version": "0.0.15",
      "resolved": "https://registry.npmjs.org/node-scp/-/node-scp-0.0.15.tgz",
      "integrity": "sha512-iQQpzVqsczdM35tI5JzFkM3DFMJb2VIeHGBVXU9d5EIgSrP4HGE44SScGv83D5aEtYCaY2r5uR1bPhUQwp6hRg==",
      "requires": {
        "ssh2": "^1.1.0"
      }
    },
    "p-defer": {
      "version": "1.0.0",
      "resolved": "https://registry.npmjs.org/p-defer/-/p-defer-1.0.0.tgz",
      "integrity": "sha1-n26xgvbJqozXQwBKfU+WsZaw+ww="
    },
    "safer-buffer": {
      "version": "2.1.2",
      "resolved": "https://registry.npmjs.org/safer-buffer/-/safer-buffer-2.1.2.tgz",
      "integrity": "sha512-YZo3K82SD7Riyi0E1EQPojLz7kpepnSQI9IyPbHHg1XXXevb5dJI7tpyN2ADxGcQbHG7vcyRHk0cbwqcQriUtg=="
    },
    "ssh2": {
      "version": "1.2.0",
      "resolved": "https://registry.npmjs.org/ssh2/-/ssh2-1.2.0.tgz",
      "integrity": "sha512-vklfVRyylayGV/zMwVEkTC9kBhA3t264hoUHV/yGuunBJh6uBGP1VlzhOp8EsqxpKnG0xkLE1qHZlU0+t8Vh6Q==",
      "requires": {
        "asn1": "^0.2.4",
        "bcrypt-pbkdf": "^1.0.2",
        "cpu-features": "0.0.2",
        "nan": "^2.14.2"
      }
    },
    "tweetnacl": {
      "version": "0.14.5",
      "resolved": "https://registry.npmjs.org/tweetnacl/-/tweetnacl-0.14.5.tgz",
      "integrity": "sha1-WuaBd/GS1EViadEIr6k/+HQ/T2Q="
    }
  }
}
